
Microsoft Visual Studio Solution File, Format Version 12.00
# Visual Studio Version 16
VisualStudioVersion = 16.0.29411.108
MinimumVisualStudioVersion = 10.0.40219.1
Project("{FAE04EC0-301F-11D3-BF4B-00C04F79EFBC}") = "WorcRates", "WorcRates\WorcRates.csproj", "{C2F36C6D-9387-473C-BA90-20DB2E104BF1}"
EndProject
Global
	GlobalSection(SolutionConfigurationPlatforms) = preSolution
		Debug|Any CPU = Debug|Any CPU
		Release|Any CPU = Release|Any CPU
	EndGlobalSection
	GlobalSection(ProjectConfigurationPlatforms) = postSolution
		{C2F36C6D-9387-473C-BA90-20DB2E104BF1}.Debug|Any CPU.ActiveCfg = Debug|Any CPU
		{C2F36C6D-9387-473C-BA90-20DB2E104BF1}.Debug|Any CPU.Build.0 = Debug|Any CPU
		{C2F36C6D-9387-473C-BA90-20DB2E104BF1}.Release|Any CPU.ActiveCfg = Release|Any CPU
		{C2F36C6D-9387-473C-BA90-20DB2E104BF1}.Release|Any CPU.Build.0 = Release|Any CPU
	EndGlobalSection
	GlobalSection(SolutionProperties) = preSolution
		HideSolutionNode = FALSE
	EndGlobalSection
	GlobalSection(ExtensibilityGlobals) = postSolution
		SolutionGuid = {8558B504-6EBA-467F-9C39-282644ECDC42}
	EndGlobalSection
EndGlobal
